
Microsoft Visual Studio Solution File, Format Version 12.00
# Visual Studio Version 17
VisualStudioVersion = 17.5.33516.290
MinimumVisualStudioVersion = 10.0.40219.1
Project("{FAE04EC0-301F-11D3-BF4B-00C04F79EFBC}") = "Assignment01", "Assignment01\Assignment01.csproj", "{73D2F8A2-97D2-4317-A4D1-4093B845C3BA}"
EndProject
Global
	GlobalSection(SolutionConfigurationPlatforms) = preSolution
		Debug|Any CPU = Debug|Any CPU
		Release|Any CPU = Release|Any CPU
	EndGlobalSection
	GlobalSection(ProjectConfigurationPlatforms) = postSolution
		{73D2F8A2-97D2-4317-A4D1-4093B845C3BA}.Debug|Any CPU.ActiveCfg = Debug|Any CPU
		{73D2F8A2-97D2-4317-A4D1-4093B845C3BA}.Debug|Any CPU.Build.0 = Debug|Any CPU
		{73D2F8A2-97D2-4317-A4D1-4093B845C3BA}.Release|Any CPU.ActiveCfg = Release|Any CPU
		{73D2F8A2-97D2-4317-A4D1-4093B845C3BA}.Release|Any CPU.Build.0 = Release|Any CPU
	EndGlobalSection
	GlobalSection(SolutionProperties) = preSolution
		HideSolutionNode = FALSE
	EndGlobalSection
	GlobalSection(ExtensibilityGlobals) = postSolution
		SolutionGuid = {AFF01128-A975-4F19-B7D3-0713E8E861C4}
	EndGlobalSection
EndGlobal
